
Microsoft Visual Studio Solution File, Format Version 12.00
# Visual Studio Version 17
VisualStudioVersion = 17.1.32319.34
MinimumVisualStudioVersion = 10.0.40219.1
Project("{FAE04EC0-301F-11D3-BF4B-00C04F79EFBC}") = "HomeworkMethods", "HomeworkMethods\HomeworkMethods.csproj", "{94A7E2E8-031F-46F1-9110-DBDFB5CB21FD}"
EndProject
Global
	GlobalSection(SolutionConfigurationPlatforms) = preSolution
		Debug|Any CPU = Debug|Any CPU
		Release|Any CPU = Release|Any CPU
	EndGlobalSection
	GlobalSection(ProjectConfigurationPlatforms) = postSolution
		{94A7E2E8-031F-46F1-9110-DBDFB5CB21FD}.Debug|Any CPU.ActiveCfg = Debug|Any CPU
		{94A7E2E8-031F-46F1-9110-DBDFB5CB21FD}.Debug|Any CPU.Build.0 = Debug|Any CPU
		{94A7E2E8-031F-46F1-9110-DBDFB5CB21FD}.Release|Any CPU.ActiveCfg = Release|Any CPU
		{94A7E2E8-031F-46F1-9110-DBDFB5CB21FD}.Release|Any CPU.Build.0 = Release|Any CPU
	EndGlobalSection
	GlobalSection(SolutionProperties) = preSolution
		HideSolutionNode = FALSE
	EndGlobalSection
	GlobalSection(ExtensibilityGlobals) = postSolution
		SolutionGuid = {7784A275-D158-4910-AC8B-D0ED714C5FAA}
	EndGlobalSection
EndGlobal
